
Microsoft Visual Studio Solution File, Format Version 12.00
# Visual Studio Version 16
VisualStudioVersion = 16.0.31205.134
MinimumVisualStudioVersion = 10.0.40219.1
Project("{FAE04EC0-301F-11D3-BF4B-00C04F79EFBC}") = "Inheritance", "Inheritance\Inheritance.csproj", "{8C723688-B839-49F2-BC1D-2A241B90230E}"
EndProject
Global
	GlobalSection(SolutionConfigurationPlatforms) = preSolution
		Debug|Any CPU = Debug|Any CPU
		Release|Any CPU = Release|Any CPU
	EndGlobalSection
	GlobalSection(ProjectConfigurationPlatforms) = postSolution
		{8C723688-B839-49F2-BC1D-2A241B90230E}.Debug|Any CPU.ActiveCfg = Debug|Any CPU
		{8C723688-B839-49F2-BC1D-2A241B90230E}.Debug|Any CPU.Build.0 = Debug|Any CPU
		{8C723688-B839-49F2-BC1D-2A241B90230E}.Release|Any CPU.ActiveCfg = Release|Any CPU
		{8C723688-B839-49F2-BC1D-2A241B90230E}.Release|Any CPU.Build.0 = Release|Any CPU
	EndGlobalSection
	GlobalSection(SolutionProperties) = preSolution
		HideSolutionNode = FALSE
	EndGlobalSection
	GlobalSection(ExtensibilityGlobals) = postSolution
		SolutionGuid = {FC329FE6-2F5C-48CB-A7BD-65A36B580158}
	EndGlobalSection
EndGlobal
